
Microsoft Visual Studio Solution File, Format Version 12.00
# Visual Studio Version 17
VisualStudioVersion = 17.8.34525.116
MinimumVisualStudioVersion = 10.0.40219.1
Project("{FAE04EC0-301F-11D3-BF4B-00C04F79EFBC}") = "XmlSaxWriting", "XmlSaxWriting.csproj", "{9CF4DAEC-1E8B-4866-8E12-F363E79BA96B}"
EndProject
Global
	GlobalSection(SolutionConfigurationPlatforms) = preSolution
		Debug|Any CPU = Debug|Any CPU
		Release|Any CPU = Release|Any CPU
	EndGlobalSection
	GlobalSection(ProjectConfigurationPlatforms) = postSolution
		{9CF4DAEC-1E8B-4866-8E12-F363E79BA96B}.Debug|Any CPU.ActiveCfg = Debug|Any CPU
		{9CF4DAEC-1E8B-4866-8E12-F363E79BA96B}.Debug|Any CPU.Build.0 = Debug|Any CPU
		{9CF4DAEC-1E8B-4866-8E12-F363E79BA96B}.Release|Any CPU.ActiveCfg = Release|Any CPU
		{9CF4DAEC-1E8B-4866-8E12-F363E79BA96B}.Release|Any CPU.Build.0 = Release|Any CPU
	EndGlobalSection
	GlobalSection(SolutionProperties) = preSolution
		HideSolutionNode = FALSE
	EndGlobalSection
	GlobalSection(ExtensibilityGlobals) = postSolution
		SolutionGuid = {DD1BE3ED-E311-4852-ACBC-6ADDB7C1B3F4}
	EndGlobalSection
EndGlobal
